
Microsoft Visual Studio Solution File, Format Version 12.00
# Visual Studio Version 16
VisualStudioVersion = 16.0.31624.102
MinimumVisualStudioVersion = 10.0.40219.1
Project("{FAE04EC0-301F-11D3-BF4B-00C04F79EFBC}") = "Stop-Watch", "Stop-Watch\Stop-Watch.csproj", "{C0E1CEB4-DEAB-4FBD-BDDA-1180556AB4EA}"
EndProject
Global
	GlobalSection(SolutionConfigurationPlatforms) = preSolution
		Debug|Any CPU = Debug|Any CPU
		Release|Any CPU = Release|Any CPU
	EndGlobalSection
	GlobalSection(ProjectConfigurationPlatforms) = postSolution
		{C0E1CEB4-DEAB-4FBD-BDDA-1180556AB4EA}.Debug|Any CPU.ActiveCfg = Debug|Any CPU
		{C0E1CEB4-DEAB-4FBD-BDDA-1180556AB4EA}.Debug|Any CPU.Build.0 = Debug|Any CPU
		{C0E1CEB4-DEAB-4FBD-BDDA-1180556AB4EA}.Release|Any CPU.ActiveCfg = Release|Any CPU
		{C0E1CEB4-DEAB-4FBD-BDDA-1180556AB4EA}.Release|Any CPU.Build.0 = Release|Any CPU
	EndGlobalSection
	GlobalSection(SolutionProperties) = preSolution
		HideSolutionNode = FALSE
	EndGlobalSection
	GlobalSection(ExtensibilityGlobals) = postSolution
		SolutionGuid = {1C1AE9AA-55D4-4A68-8493-D73BA9F24982}
	EndGlobalSection
EndGlobal
