
Microsoft Visual Studio Solution File, Format Version 12.00
# Visual Studio Version 16
VisualStudioVersion = 16.0.31624.102
MinimumVisualStudioVersion = 10.0.40219.1
Project("{FAE04EC0-301F-11D3-BF4B-00C04F79EFBC}") = "FibonacciSeries", "FibonacciSeries\FibonacciSeries.csproj", "{B7930456-A669-4131-B94D-3BB9C77D36C4}"
EndProject
Global
	GlobalSection(SolutionConfigurationPlatforms) = preSolution
		Debug|Any CPU = Debug|Any CPU
		Release|Any CPU = Release|Any CPU
	EndGlobalSection
	GlobalSection(ProjectConfigurationPlatforms) = postSolution
		{B7930456-A669-4131-B94D-3BB9C77D36C4}.Debug|Any CPU.ActiveCfg = Debug|Any CPU
		{B7930456-A669-4131-B94D-3BB9C77D36C4}.Debug|Any CPU.Build.0 = Debug|Any CPU
		{B7930456-A669-4131-B94D-3BB9C77D36C4}.Release|Any CPU.ActiveCfg = Release|Any CPU
		{B7930456-A669-4131-B94D-3BB9C77D36C4}.Release|Any CPU.Build.0 = Release|Any CPU
	EndGlobalSection
	GlobalSection(SolutionProperties) = preSolution
		HideSolutionNode = FALSE
	EndGlobalSection
	GlobalSection(ExtensibilityGlobals) = postSolution
		SolutionGuid = {F4A021F5-DDD6-44FB-BC86-392F5B2D3E0F}
	EndGlobalSection
EndGlobal
